
Microsoft Visual Studio Solution File, Format Version 12.00
# Visual Studio Version 16
VisualStudioVersion = 16.0.31105.61
MinimumVisualStudioVersion = 10.0.40219.1
Project("{9A19103F-16F7-4668-BE54-9A1E7A4F7556}") = "BAI_1.0_ONTAP_CSHARP1_CRUD", "BAI_1.0_ONTAP_CSHARP1_CRUD\BAI_1.0_ONTAP_CSHARP1_CRUD.csproj", "{862BBE6A-B6C5-4192-B932-21C980AD0EE8}"
EndProject
Project("{9A19103F-16F7-4668-BE54-9A1E7A4F7556}") = "BAI_1.2_DELEGATE", "BAI_1.2_DELEGATE\BAI_1.2_DELEGATE.csproj", "{D317761F-F644-4E02-8384-D7813CC6E365}"
EndProject
Project("{9A19103F-16F7-4668-BE54-9A1E7A4F7556}") = "BAI_1.1_ONTAP_CSHARP_CURD_NANGCAO", "BAI_1.1_ONTAP_CSHARP_CURD_NANGCAO\BAI_1.1_ONTAP_CSHARP_CURD_NANGCAO.csproj", "{D14B994D-A9E3-4027-B118-F154F504789A}"
EndProject
Project("{9A19103F-16F7-4668-BE54-9A1E7A4F7556}") = "BAI_1.3_DELEGTAE_ACTION_FUNC", "BAI_1.3_DELEGTAE_ACTION_FUNC\BAI_1.3_DELEGTAE_ACTION_FUNC.csproj", "{A70101B2-1916-41CC-9248-58333A63D4BC}"
EndProject
Project("{9A19103F-16F7-4668-BE54-9A1E7A4F7556}") = "BAI_1.4_DELEGATE_EVENT", "BAI_1.4_DELEGATE_EVENT\BAI_1.4_DELEGATE_EVENT.csproj", "{CEEFA97E-5C0D-4BE6-88D3-777AC088A4D9}"
EndProject
Project("{9A19103F-16F7-4668-BE54-9A1E7A4F7556}") = "BAI_1.5_DELEGATE_EVENT2", "BAI_1.5_DELEGATE_EVENT2\BAI_1.5_DELEGATE_EVENT2.csproj", "{4F77061A-D240-4167-9F7E-DB88022C8139}"
EndProject
Project("{9A19103F-16F7-4668-BE54-9A1E7A4F7556}") = "BAI_1.6_DELEGATE_EVENT3", "BAI_1.6_DELEGATE_EVENT3\BAI_1.6_DELEGATE_EVENT3.csproj", "{F09727DC-0D5E-4CE4-BCD8-563DA763F54A}"
EndProject
Project("{9A19103F-16F7-4668-BE54-9A1E7A4F7556}") = "BAI_1.7_EXCEPTION", "BAI_1.7_EXCEPTION\BAI_1.7_EXCEPTION.csproj", "{F159B8DF-958E-4CC8-83DC-D1D9DD889BD6}"
EndProject
Project("{9A19103F-16F7-4668-BE54-9A1E7A4F7556}") = "Lab_1_2", "Lab_1_2\Lab_1_2.csproj", "{39316C69-FFD5-4AFE-8B61-38343CF6E99D}"
EndProject
Project("{9A19103F-16F7-4668-BE54-9A1E7A4F7556}") = "BAI_0.0_BaiTapNangCao_DELEGATE", "BAI_0.0_BaiTapNangCao_DELEGATE\BAI_0.0_BaiTapNangCao_DELEGATE.csproj", "{0EFC7F78-6FA5-4EE0-92F4-69CD4A06CC2A}"
EndProject
Project("{9A19103F-16F7-4668-BE54-9A1E7A4F7556}") = "BAI_1.8_DinhNghia_Exception", "BAI_1.8\BAI_1.8_DinhNghia_Exception.csproj", "{90C14EEE-B989-44B4-8DC2-F7B2441DE949}"
EndProject
Project("{9A19103F-16F7-4668-BE54-9A1E7A4F7556}") = "BAI_2.1_GENERIC", "BAI_2.1_GENERIC\BAI_2.1_GENERIC.csproj", "{B0CC0BE6-297A-4CE9-99FC-042CCF56D844}"
EndProject
Project("{9A19103F-16F7-4668-BE54-9A1E7A4F7556}") = "BAI_1.9_DinhNghia_Class_Exceptiom", "BAI_1.9_DinhNghia_Class_Exceptiom\BAI_1.9_DinhNghia_Class_Exceptiom.csproj", "{BEE34389-BED1-48D1-90DE-89ED70B970D7}"
EndProject
Project("{9A19103F-16F7-4668-BE54-9A1E7A4F7556}") = "BAI_2.0_COLLECTION", "BAI_2.0_COLLECTION\BAI_2.0_COLLECTION.csproj", "{5509EE67-6ABC-477A-8E59-6104A97B2AD2}"
EndProject
Project("{9A19103F-16F7-4668-BE54-9A1E7A4F7556}") = "BAI_2.2_CLASS_GENNERIC", "BAI_2.2_CLASS_GENNERIC\BAI_2.2_CLASS_GENNERIC.csproj", "{A016840D-A3C2-407B-BC76-0D69ED72B8D6}"
EndProject
Project("{9A19103F-16F7-4668-BE54-9A1E7A4F7556}") = "BAI_2.3_GENERIC_COLLECTIONS", "BAI_2.3_GENERIC_COLLECTIONS\BAI_2.3_GENERIC_COLLECTIONS.csproj", "{A0443619-C96C-472E-895E-EA18933E4C28}"
EndProject
Project("{9A19103F-16F7-4668-BE54-9A1E7A4F7556}") = "BAI_2.4_PARTIAL_CLASS_METHOD", "BAI_2.4_PARTIAL_CLASS_METHOD\BAI_2.4_PARTIAL_CLASS_METHOD.csproj", "{20D050EF-0CD8-49B9-87C6-C6D36CAE325B}"
EndProject
Project("{9A19103F-16F7-4668-BE54-9A1E7A4F7556}") = "BAI_2.5_IMPLICITLY_VA_DYNAMIC_TYPE", "BAI_2.5_IMPLICITLY_VA_DYNAMIC_TYPE\BAI_2.5_IMPLICITLY_VA_DYNAMIC_TYPE.csproj", "{A520ED15-0BB4-4BA9-A1BC-042E3A8D6F47}"
EndProject
Project("{9A19103F-16F7-4668-BE54-9A1E7A4F7556}") = "BAI_2.6_NULLLABLE_TYPED", "BAI_2.6_NULLLABLE_TYPED\BAI_2.6_NULLLABLE_TYPED.csproj", "{CA814DF6-A390-4161-9D1A-4135636B355A}"
EndProject
Project("{9A19103F-16F7-4668-BE54-9A1E7A4F7556}") = "BAI_2.7_ANONYMOUS_TYPED", "BAI_2.7_ANONYMOUS_TYPED\BAI_2.7_ANONYMOUS_TYPED.csproj", "{248D5331-01C1-4A15-8857-24F54CEFA04B}"
EndProject
Project("{9A19103F-16F7-4668-BE54-9A1E7A4F7556}") = "BAI_2.9_DOC_GHI_DoiTuong", "BAI_2.9_DOC_GHI_DoiTuong\BAI_2.9_DOC_GHI_DoiTuong.csproj", "{8AD38A90-5B8F-47FD-BADB-8AEB5417625E}"
EndProject
Project("{9A19103F-16F7-4668-BE54-9A1E7A4F7556}") = "Lab_4.5", "Lab_4.5\Lab_4.5.csproj", "{CC1066B7-F529-40AE-8C45-7D49A90E00C2}"
EndProject
Project("{9A19103F-16F7-4668-BE54-9A1E7A4F7556}") = "BAI_3.0_BietThucLAMBDA", "BAI_3.0_BietThucLAMBDA\BAI_3.0_BietThucLAMBDA.csproj", "{69A1EC98-07E0-431D-B5E2-7C2CEE0F94D2}"
EndProject
Project("{9A19103F-16F7-4668-BE54-9A1E7A4F7556}") = "BAI_3.1_LINQ", "BAI_3.1_LINQ\BAI_3.1_LINQ.csproj", "{ED17C0F7-BA12-4EF4-B6BB-C2FEC20FB68C}"
EndProject
Project("{9A19103F-16F7-4668-BE54-9A1E7A4F7556}") = "BAI_3.2_LINQ_CacCauLenh", "BAI_3.2_LINQ_CacCauLenh\BAI_3.2_LINQ_CacCauLenh.csproj", "{89184994-28B4-4288-B99E-3FB72787DCCF}"
EndProject
Project("{9A19103F-16F7-4668-BE54-9A1E7A4F7556}") = "Asignment", "Asignment\Asignment.csproj", "{26A29592-E896-4554-A74E-F7CDC2E2C936}"
EndProject
Global
	GlobalSection(SolutionConfigurationPlatforms) = preSolution
		Debug|Any CPU = Debug|Any CPU
		Release|Any CPU = Release|Any CPU
	EndGlobalSection
	GlobalSection(ProjectConfigurationPlatforms) = postSolution
		{862BBE6A-B6C5-4192-B932-21C980AD0EE8}.Debug|Any CPU.ActiveCfg = Debug|Any CPU
		{862BBE6A-B6C5-4192-B932-21C980AD0EE8}.Debug|Any CPU.Build.0 = Debug|Any CPU
		{862BBE6A-B6C5-4192-B932-21C980AD0EE8}.Release|Any CPU.ActiveCfg = Release|Any CPU
		{862BBE6A-B6C5-4192-B932-21C980AD0EE8}.Release|Any CPU.Build.0 = Release|Any CPU
		{D317761F-F644-4E02-8384-D7813CC6E365}.Debug|Any CPU.ActiveCfg = Debug|Any CPU
		{D317761F-F644-4E02-8384-D7813CC6E365}.Debug|Any CPU.Build.0 = Debug|Any CPU
		{D317761F-F644-4E02-8384-D7813CC6E365}.Release|Any CPU.ActiveCfg = Release|Any CPU
		{D317761F-F644-4E02-8384-D7813CC6E365}.Release|Any CPU.Build.0 = Release|Any CPU
		{D14B994D-A9E3-4027-B118-F154F504789A}.Debug|Any CPU.ActiveCfg = Debug|Any CPU
		{D14B994D-A9E3-4027-B118-F154F504789A}.Debug|Any CPU.Build.0 = Debug|Any CPU
		{D14B994D-A9E3-4027-B118-F154F504789A}.Release|Any CPU.ActiveCfg = Release|Any CPU
		{D14B994D-A9E3-4027-B118-F154F504789A}.Release|Any CPU.Build.0 = Release|Any CPU
		{A70101B2-1916-41CC-9248-58333A63D4BC}.Debug|Any CPU.ActiveCfg = Debug|Any CPU
		{A70101B2-1916-41CC-9248-58333A63D4BC}.Debug|Any CPU.Build.0 = Debug|Any CPU
		{A70101B2-1916-41CC-9248-58333A63D4BC}.Release|Any CPU.ActiveCfg = Release|Any CPU
		{A70101B2-1916-41CC-9248-58333A63D4BC}.Release|Any CPU.Build.0 = Release|Any CPU
		{CEEFA97E-5C0D-4BE6-88D3-777AC088A4D9}.Debug|Any CPU.ActiveCfg = Debug|Any CPU
		{CEEFA97E-5C0D-4BE6-88D3-777AC088A4D9}.Debug|Any CPU.Build.0 = Debug|Any CPU
		{CEEFA97E-5C0D-4BE6-88D3-777AC088A4D9}.Release|Any CPU.ActiveCfg = Release|Any CPU
		{CEEFA97E-5C0D-4BE6-88D3-777AC088A4D9}.Release|Any CPU.Build.0 = Release|Any CPU
		{4F77061A-D240-4167-9F7E-DB88022C8139}.Debug|Any CPU.ActiveCfg = Debug|Any CPU
		{4F77061A-D240-4167-9F7E-DB88022C8139}.Debug|Any CPU.Build.0 = Debug|Any CPU
		{4F77061A-D240-4167-9F7E-DB88022C8139}.Release|Any CPU.ActiveCfg = Release|Any CPU
		{4F77061A-D240-4167-9F7E-DB88022C8139}.Release|Any CPU.Build.0 = Release|Any CPU
		{F09727DC-0D5E-4CE4-BCD8-563DA763F54A}.Debug|Any CPU.ActiveCfg = Debug|Any CPU
		{F09727DC-0D5E-4CE4-BCD8-563DA763F54A}.Debug|Any CPU.Build.0 = Debug|Any CPU
		{F09727DC-0D5E-4CE4-BCD8-563DA763F54A}.Release|Any CPU.ActiveCfg = Release|Any CPU
		{F09727DC-0D5E-4CE4-BCD8-563DA763F54A}.Release|Any CPU.Build.0 = Release|Any CPU
		{F159B8DF-958E-4CC8-83DC-D1D9DD889BD6}.Debug|Any CPU.ActiveCfg = Debug|Any CPU
		{F159B8DF-958E-4CC8-83DC-D1D9DD889BD6}.Debug|Any CPU.Build.0 = Debug|Any CPU
		{F159B8DF-958E-4CC8-83DC-D1D9DD889BD6}.Release|Any CPU.ActiveCfg = Release|Any CPU
		{F159B8DF-958E-4CC8-83DC-D1D9DD889BD6}.Release|Any CPU.Build.0 = Release|Any CPU
		{39316C69-FFD5-4AFE-8B61-38343CF6E99D}.Debug|Any CPU.ActiveCfg = Debug|Any CPU
		{39316C69-FFD5-4AFE-8B61-38343CF6E99D}.Debug|Any CPU.Build.0 = Debug|Any CPU
		{39316C69-FFD5-4AFE-8B61-38343CF6E99D}.Release|Any CPU.ActiveCfg = Release|Any CPU
		{39316C69-FFD5-4AFE-8B61-38343CF6E99D}.Release|Any CPU.Build.0 = Release|Any CPU
		{0EFC7F78-6FA5-4EE0-92F4-69CD4A06CC2A}.Debug|Any CPU.ActiveCfg = Debug|Any CPU
		{0EFC7F78-6FA5-4EE0-92F4-69CD4A06CC2A}.Debug|Any CPU.Build.0 = Debug|Any CPU
		{0EFC7F78-6FA5-4EE0-92F4-69CD4A06CC2A}.Release|Any CPU.ActiveCfg = Release|Any CPU
		{0EFC7F78-6FA5-4EE0-92F4-69CD4A06CC2A}.Release|Any CPU.Build.0 = Release|Any CPU
		{90C14EEE-B989-44B4-8DC2-F7B2441DE949}.Debug|Any CPU.ActiveCfg = Debug|Any CPU
		{90C14EEE-B989-44B4-8DC2-F7B2441DE949}.Debug|Any CPU.Build.0 = Debug|Any CPU
		{90C14EEE-B989-44B4-8DC2-F7B2441DE949}.Release|Any CPU.ActiveCfg = Release|Any CPU
		{90C14EEE-B989-44B4-8DC2-F7B2441DE949}.Release|Any CPU.Build.0 = Release|Any CPU
		{B0CC0BE6-297A-4CE9-99FC-042CCF56D844}.Debug|Any CPU.ActiveCfg = Debug|Any CPU
		{B0CC0BE6-297A-4CE9-99FC-042CCF56D844}.Debug|Any CPU.Build.0 = Debug|Any CPU
		{B0CC0BE6-297A-4CE9-99FC-042CCF56D844}.Release|Any CPU.ActiveCfg = Release|Any CPU
		{B0CC0BE6-297A-4CE9-99FC-042CCF56D844}.Release|Any CPU.Build.0 = Release|Any CPU
		{BEE34389-BED1-48D1-90DE-89ED70B970D7}.Debug|Any CPU.ActiveCfg = Debug|Any CPU
		{BEE34389-BED1-48D1-90DE-89ED70B970D7}.Debug|Any CPU.Build.0 = Debug|Any CPU
		{BEE34389-BED1-48D1-90DE-89ED70B970D7}.Release|Any CPU.ActiveCfg = Release|Any CPU
		{BEE34389-BED1-48D1-90DE-89ED70B970D7}.Release|Any CPU.Build.0 = Release|Any CPU
		{5509EE67-6ABC-477A-8E59-6104A97B2AD2}.Debug|Any CPU.ActiveCfg = Debug|Any CPU
		{5509EE67-6ABC-477A-8E59-6104A97B2AD2}.Debug|Any CPU.Build.0 = Debug|Any CPU
		{5509EE67-6ABC-477A-8E59-6104A97B2AD2}.Release|Any CPU.ActiveCfg = Release|Any CPU
		{5509EE67-6ABC-477A-8E59-6104A97B2AD2}.Release|Any CPU.Build.0 = Release|Any CPU
		{A016840D-A3C2-407B-BC76-0D69ED72B8D6}.Debug|Any CPU.ActiveCfg = Debug|Any CPU
		{A016840D-A3C2-407B-BC76-0D69ED72B8D6}.Debug|Any CPU.Build.0 = Debug|Any CPU
		{A016840D-A3C2-407B-BC76-0D69ED72B8D6}.Release|Any CPU.ActiveCfg = Release|Any CPU
		{A016840D-A3C2-407B-BC76-0D69ED72B8D6}.Release|Any CPU.Build.0 = Release|Any CPU
		{A0443619-C96C-472E-895E-EA18933E4C28}.Debug|Any CPU.ActiveCfg = Debug|Any CPU
		{A0443619-C96C-472E-895E-EA18933E4C28}.Debug|Any CPU.Build.0 = Debug|Any CPU
		{A0443619-C96C-472E-895E-EA18933E4C28}.Release|Any CPU.ActiveCfg = Release|Any CPU
		{A0443619-C96C-472E-895E-EA18933E4C28}.Release|Any CPU.Build.0 = Release|Any CPU
		{20D050EF-0CD8-49B9-87C6-C6D36CAE325B}.Debug|Any CPU.ActiveCfg = Debug|Any CPU
		{20D050EF-0CD8-49B9-87C6-C6D36CAE325B}.Debug|Any CPU.Build.0 = Debug|Any CPU
		{20D050EF-0CD8-49B9-87C6-C6D36CAE325B}.Release|Any CPU.ActiveCfg = Release|Any CPU
		{20D050EF-0CD8-49B9-87C6-C6D36CAE325B}.Release|Any CPU.Build.0 = Release|Any CPU
		{A520ED15-0BB4-4BA9-A1BC-042E3A8D6F47}.Debug|Any CPU.ActiveCfg = Debug|Any CPU
		{A520ED15-0BB4-4BA9-A1BC-042E3A8D6F47}.Debug|Any CPU.Build.0 = Debug|Any CPU
		{A520ED15-0BB4-4BA9-A1BC-042E3A8D6F47}.Release|Any CPU.ActiveCfg = Release|Any CPU
		{A520ED15-0BB4-4BA9-A1BC-042E3A8D6F47}.Release|Any CPU.Build.0 = Release|Any CPU
		{CA814DF6-A390-4161-9D1A-4135636B355A}.Debug|Any CPU.ActiveCfg = Debug|Any CPU
		{CA814DF6-A390-4161-9D1A-4135636B355A}.Debug|Any CPU.Build.0 = Debug|Any CPU
		{CA814DF6-A390-4161-9D1A-4135636B355A}.Release|Any CPU.ActiveCfg = Release|Any CPU
		{CA814DF6-A390-4161-9D1A-4135636B355A}.Release|Any CPU.Build.0 = Release|Any CPU
		{248D5331-01C1-4A15-8857-24F54CEFA04B}.Debug|Any CPU.ActiveCfg = Debug|Any CPU
		{248D5331-01C1-4A15-8857-24F54CEFA04B}.Debug|Any CPU.Build.0 = Debug|Any CPU
		{248D5331-01C1-4A15-8857-24F54CEFA04B}.Release|Any CPU.ActiveCfg = Release|Any CPU
		{248D5331-01C1-4A15-8857-24F54CEFA04B}.Release|Any CPU.Build.0 = Release|Any CPU
		{8AD38A90-5B8F-47FD-BADB-8AEB5417625E}.Debug|Any CPU.ActiveCfg = Debug|Any CPU
		{8AD38A90-5B8F-47FD-BADB-8AEB5417625E}.Debug|Any CPU.Build.0 = Debug|Any CPU
		{8AD38A90-5B8F-47FD-BADB-8AEB5417625E}.Release|Any CPU.ActiveCfg = Release|Any CPU
		{8AD38A90-5B8F-47FD-BADB-8AEB5417625E}.Release|Any CPU.Build.0 = Release|Any CPU
		{CC1066B7-F529-40AE-8C45-7D49A90E00C2}.Debug|Any CPU.ActiveCfg = Debug|Any CPU
		{CC1066B7-F529-40AE-8C45-7D49A90E00C2}.Debug|Any CPU.Build.0 = Debug|Any CPU
		{CC1066B7-F529-40AE-8C45-7D49A90E00C2}.Release|Any CPU.ActiveCfg = Release|Any CPU
		{CC1066B7-F529-40AE-8C45-7D49A90E00C2}.Release|Any CPU.Build.0 = Release|Any CPU
		{69A1EC98-07E0-431D-B5E2-7C2CEE0F94D2}.Debug|Any CPU.ActiveCfg = Debug|Any CPU
		{69A1EC98-07E0-431D-B5E2-7C2CEE0F94D2}.Debug|Any CPU.Build.0 = Debug|Any CPU
		{69A1EC98-07E0-431D-B5E2-7C2CEE0F94D2}.Release|Any CPU.ActiveCfg = Release|Any CPU
		{69A1EC98-07E0-431D-B5E2-7C2CEE0F94D2}.Release|Any CPU.Build.0 = Release|Any CPU
		{ED17C0F7-BA12-4EF4-B6BB-C2FEC20FB68C}.Debug|Any CPU.ActiveCfg = Debug|Any CPU
		{ED17C0F7-BA12-4EF4-B6BB-C2FEC20FB68C}.Debug|Any CPU.Build.0 = Debug|Any CPU
		{ED17C0F7-BA12-4EF4-B6BB-C2FEC20FB68C}.Release|Any CPU.ActiveCfg = Release|Any CPU
		{ED17C0F7-BA12-4EF4-B6BB-C2FEC20FB68C}.Release|Any CPU.Build.0 = Release|Any CPU
		{89184994-28B4-4288-B99E-3FB72787DCCF}.Debug|Any CPU.ActiveCfg = Debug|Any CPU
		{89184994-28B4-4288-B99E-3FB72787DCCF}.Debug|Any CPU.Build.0 = Debug|Any CPU
		{89184994-28B4-4288-B99E-3FB72787DCCF}.Release|Any CPU.ActiveCfg = Release|Any CPU
		{89184994-28B4-4288-B99E-3FB72787DCCF}.Release|Any CPU.Build.0 = Release|Any CPU
		{26A29592-E896-4554-A74E-F7CDC2E2C936}.Debug|Any CPU.ActiveCfg = Debug|Any CPU
		{26A29592-E896-4554-A74E-F7CDC2E2C936}.Debug|Any CPU.Build.0 = Debug|Any CPU
		{26A29592-E896-4554-A74E-F7CDC2E2C936}.Release|Any CPU.ActiveCfg = Release|Any CPU
		{26A29592-E896-4554-A74E-F7CDC2E2C936}.Release|Any CPU.Build.0 = Release|Any CPU
	EndGlobalSection
	GlobalSection(SolutionProperties) = preSolution
		HideSolutionNode = FALSE
	EndGlobalSection
	GlobalSection(ExtensibilityGlobals) = postSolution
		SolutionGuid = {5E518F07-F99A-45D3-95E6-7D892894288F}
	EndGlobalSection
EndGlobal
